
Microsoft Visual Studio Solution File, Format Version 12.00
# Visual Studio Version 17
VisualStudioVersion = 17.2.32526.322
MinimumVisualStudioVersion = 10.0.40219.1
Project("{2150E333-8FDC-42A3-9474-1A3956D46DE8}") = "API", "API", "{A1E12947-018A-4ED2-8E84-286D356B842F}"
EndProject
Project("{FAE04EC0-301F-11D3-BF4B-00C04F79EFBC}") = "MyPortfolio.API", "MyPortfolio.API\MyPortfolio.API.csproj", "{356A4675-EDB0-4AFD-A645-BDC2C61BA1CB}"
EndProject
Global
	GlobalSection(SolutionConfigurationPlatforms) = preSolution
		Debug|Any CPU = Debug|Any CPU
		Release|Any CPU = Release|Any CPU
	EndGlobalSection
	GlobalSection(ProjectConfigurationPlatforms) = postSolution
		{356A4675-EDB0-4AFD-A645-BDC2C61BA1CB}.Debug|Any CPU.ActiveCfg = Debug|Any CPU
		{356A4675-EDB0-4AFD-A645-BDC2C61BA1CB}.Debug|Any CPU.Build.0 = Debug|Any CPU
		{356A4675-EDB0-4AFD-A645-BDC2C61BA1CB}.Release|Any CPU.ActiveCfg = Release|Any CPU
		{356A4675-EDB0-4AFD-A645-BDC2C61BA1CB}.Release|Any CPU.Build.0 = Release|Any CPU
	EndGlobalSection
	GlobalSection(SolutionProperties) = preSolution
		HideSolutionNode = FALSE
	EndGlobalSection
	GlobalSection(NestedProjects) = preSolution
		{356A4675-EDB0-4AFD-A645-BDC2C61BA1CB} = {A1E12947-018A-4ED2-8E84-286D356B842F}
	EndGlobalSection
	GlobalSection(ExtensibilityGlobals) = postSolution
		SolutionGuid = {7061F55E-DF3B-44D2-90B6-AF805F7F0255}
	EndGlobalSection
EndGlobal
